
Microsoft Visual Studio Solution File, Format Version 12.00
# Visual Studio Version 16
VisualStudioVersion = 16.0.30523.141
MinimumVisualStudioVersion = 10.0.40219.1
Project("{FAE04EC0-301F-11D3-BF4B-00C04F79EFBC}") = "Assignment Mid fall 20-21", "Assignment Mid fall 20-21\Assignment Mid fall 20-21.csproj", "{17ED4858-0190-4824-870C-6DAA0C459B8D}"
EndProject
Global
	GlobalSection(SolutionConfigurationPlatforms) = preSolution
		Debug|Any CPU = Debug|Any CPU
		Release|Any CPU = Release|Any CPU
	EndGlobalSection
	GlobalSection(ProjectConfigurationPlatforms) = postSolution
		{17ED4858-0190-4824-870C-6DAA0C459B8D}.Debug|Any CPU.ActiveCfg = Debug|Any CPU
		{17ED4858-0190-4824-870C-6DAA0C459B8D}.Debug|Any CPU.Build.0 = Debug|Any CPU
		{17ED4858-0190-4824-870C-6DAA0C459B8D}.Release|Any CPU.ActiveCfg = Release|Any CPU
		{17ED4858-0190-4824-870C-6DAA0C459B8D}.Release|Any CPU.Build.0 = Release|Any CPU
	EndGlobalSection
	GlobalSection(SolutionProperties) = preSolution
		HideSolutionNode = FALSE
	EndGlobalSection
	GlobalSection(ExtensibilityGlobals) = postSolution
		SolutionGuid = {D021ACAD-AD9C-424B-90A6-F5CDEE01125C}
	EndGlobalSection
EndGlobal
